{
  "originHash" : "de7155b269608e9131a89ad691fc835126b50fa367e6bb73e06b53ac1b645ccd",
  "pins" : [
    {
      "identity" : "appmetrica-sdk-ios",
      "kind" : "remoteSourceControl",
      "location" : "git@github.com:appmetrica/appmetrica-sdk-ios.git",
      "state" : {
        "revision" : "a0af656792f5c89e0809696419584a6a41e13790",
        "version" : "5.11.0"
      }
    },
    {
      "identity" : "kscrash",
      "kind" : "remoteSourceControl",
      "location" : "https://github.com/kstenerud/KSCrash",
      "state" : {
        "revision" : "b87a3ef5b0b84e2a34a546b9836813756cd362a9",
        "version" : "2.0.0"
      }
    },
    {
      "identity" : "lottie-ios",
      "kind" : "remoteSourceControl",
      "location" : "git@github.com:airbnb/lottie-ios.git",
      "state" : {
        "revision" : "a004050748dc197c56256a14dca49a035d74726c",
        "version" : "4.5.2"
      }
    },
    {
      "identity" : "swiftui-gif",
      "kind" : "remoteSourceControl",
      "location" : "git@github.com:globulus/swiftui-gif.git",
      "state" : {
        "revision" : "471d37db548e79bdd62e7702dbceaf28ea1103f9",
        "version" : "1.1.0"
      }
    },
    {
      "identity" : "swiftygif",
      "kind" : "remoteSourceControl",
      "location" : "git@github.com:alexiscreuzot/SwiftyGif.git",
      "state" : {
        "revision" : "4430cbc148baa3907651d40562d96325426f409a",
        "version" : "5.4.5"
      }
    }
  ],
  "version" : 3
}
