// !$*UTF8*$!
{
	archiveVersion = 1;
	classes = {
	};
	objectVersion = 77;
	objects = {

/* Begin PBXBuildFile section */
		A3C423BB2DEAF3A40025BB27 /* Lottie in Frameworks */ = {isa = PBXBuildFile; productRef = A3C423BA2DEAF3A40025BB27 /* Lottie */; };
		A3C423C02DEAF53E0025BB27 /* AppMetricaAdSupport in Frameworks */ = {isa = PBXBuildFile; productRef = A3C423BF2DEAF53E0025BB27 /* AppMetricaAdSupport */; };
		A3C423C22DEAF53E0025BB27 /* AppMetricaCore in Frameworks */ = {isa = PBXBuildFile; productRef = A3C423C12DEAF53E0025BB27 /* AppMetricaCore */; };
		A3C423C42DEAF53E0025BB27 /* AppMetricaCrashes in Frameworks */ = {isa = PBXBuildFile; productRef = A3C423C32DEAF53E0025BB27 /* AppMetricaCrashes */; };
		A3C423C62DEAF53E0025BB27 /* AppMetricaLibraryAdapter in Frameworks */ = {isa = PBXBuildFile; productRef = A3C423C52DEAF53E0025BB27 /* AppMetricaLibraryAdapter */; };
		A3C423C82DEAF53E0025BB27 /* AppMetricaScreenshot in Frameworks */ = {isa = PBXBuildFile; productRef = A3C423C72DEAF53E0025BB27 /* AppMetricaScreenshot */; };
		A3C423CA2DEAF53E0025BB27 /* AppMetricaWebKit in Frameworks */ = {isa = PBXBuildFile; productRef = A3C423C92DEAF53E0025BB27 /* AppMetricaWebKit */; };
/* End PBXBuildFile section */

/* Begin PBXContainerItemProxy section */
		A38061E62CD291E5009387FB /* PBXContainerItemProxy */ = {
			isa = PBXContainerItemProxy;
			containerPortal = A38061CD2CD291E3009387FB /* Project object */;
			proxyType = 1;
			remoteGlobalIDString = A38061D42CD291E3009387FB;
			remoteInfo = MindArt;
		};
		A38061F02CD291E5009387FB /* PBXContainerItemProxy */ = {
			isa = PBXContainerItemProxy;
			containerPortal = A38061CD2CD291E3009387FB /* Project object */;
			proxyType = 1;
			remoteGlobalIDString = A38061D42CD291E3009387FB;
			remoteInfo = MindArt;
		};
/* End PBXContainerItemProxy section */

/* Begin PBXCopyFilesBuildPhase section */
		A311B2742DEB062100D85821 /* Embed Frameworks */ = {
			isa = PBXCopyFilesBuildPhase;
			buildActionMask = 2147483647;
			dstPath = "";
			dstSubfolderSpec = 10;
			files = (
			);
			name = "Embed Frameworks";
			runOnlyForDeploymentPostprocessing = 0;
		};
/* End PBXCopyFilesBuildPhase section */

/* Begin PBXFileReference section */
		A38061D52CD291E3009387FB /* MindArt.app */ = {isa = PBXFileReference; explicitFileType = wrapper.application; includeInIndex = 0; path = MindArt.app; sourceTree = BUILT_PRODUCTS_DIR; };
		A38061E52CD291E5009387FB /* MindArtTests.xctest */ = {isa = PBXFileReference; explicitFileType = wrapper.cfbundle; includeInIndex = 0; path = MindArtTests.xctest; sourceTree = BUILT_PRODUCTS_DIR; };
		A38061EF2CD291E5009387FB /* MindArtUITests.xctest */ = {isa = PBXFileReference; explicitFileType = wrapper.cfbundle; includeInIndex = 0; path = MindArtUITests.xctest; sourceTree = BUILT_PRODUCTS_DIR; };
/* End PBXFileReference section */

/* Begin PBXFileSystemSynchronizedBuildFileExceptionSet section */
		A3DFDB982CF65FF2000E44A3 /* Exceptions for "MindArt" folder in "MindArt" target */ = {
			isa = PBXFileSystemSynchronizedBuildFileExceptionSet;
			membershipExceptions = (
				Info.plist,
			);
			target = A38061D42CD291E3009387FB /* MindArt */;
		};
/* End PBXFileSystemSynchronizedBuildFileExceptionSet section */

/* Begin PBXFileSystemSynchronizedRootGroup section */
		A38061D72CD291E3009387FB /* MindArt */ = {
			isa = PBXFileSystemSynchronizedRootGroup;
			exceptions = (
				A3DFDB982CF65FF2000E44A3 /* Exceptions for "MindArt" folder in "MindArt" target */,
			);
			path = MindArt;
			sourceTree = "<group>";
		};
		A38061E82CD291E5009387FB /* MindArtTests */ = {
			isa = PBXFileSystemSynchronizedRootGroup;
			path = MindArtTests;
			sourceTree = "<group>";
		};
		A38061F22CD291E5009387FB /* MindArtUITests */ = {
			isa = PBXFileSystemSynchronizedRootGroup;
			path = MindArtUITests;
			sourceTree = "<group>";
		};
/* End PBXFileSystemSynchronizedRootGroup section */

/* Begin PBXFrameworksBuildPhase section */
		A38061D22CD291E3009387FB /* Frameworks */ = {
			isa = PBXFrameworksBuildPhase;
			buildActionMask = 2147483647;
			files = (
				A3C423C82DEAF53E0025BB27 /* AppMetricaScreenshot in Frameworks */,
				A3C423BB2DEAF3A40025BB27 /* Lottie in Frameworks */,
				A3C423C42DEAF53E0025BB27 /* AppMetricaCrashes in Frameworks */,
				A3C423C22DEAF53E0025BB27 /* AppMetricaCore in Frameworks */,
				A3C423CA2DEAF53E0025BB27 /* AppMetricaWebKit in Frameworks */,
				A3C423C02DEAF53E0025BB27 /* AppMetricaAdSupport in Frameworks */,
				A3C423C62DEAF53E0025BB27 /* AppMetricaLibraryAdapter in Frameworks */,
			);
			runOnlyForDeploymentPostprocessing = 0;
		};
		A38061E22CD291E5009387FB /* Frameworks */ = {
			isa = PBXFrameworksBuildPhase;
			buildActionMask = 2147483647;
			files = (
			);
			runOnlyForDeploymentPostprocessing = 0;
		};
		A38061EC2CD291E5009387FB /* Frameworks */ = {
			isa = PBXFrameworksBuildPhase;
			buildActionMask = 2147483647;
			files = (
			);
			runOnlyForDeploymentPostprocessing = 0;
		};
/* End PBXFrameworksBuildPhase section */

/* Begin PBXGroup section */
		A38061CC2CD291E3009387FB = {
			isa = PBXGroup;
			children = (
				A38061D72CD291E3009387FB /* MindArt */,
				A38061E82CD291E5009387FB /* MindArtTests */,
				A38061F22CD291E5009387FB /* MindArtUITests */,
				A38062592CD2A0E9009387FB /* Frameworks */,
				A38061D62CD291E3009387FB /* Products */,
			);
			sourceTree = "<group>";
		};
		A38061D62CD291E3009387FB /* Products */ = {
			isa = PBXGroup;
			children = (
				A38061D52CD291E3009387FB /* MindArt.app */,
				A38061E52CD291E5009387FB /* MindArtTests.xctest */,
				A38061EF2CD291E5009387FB /* MindArtUITests.xctest */,
			);
			name = Products;
			sourceTree = "<group>";
		};
		A38062592CD2A0E9009387FB /* Frameworks */ = {
			isa = PBXGroup;
			children = (
			);
			name = Frameworks;
			sourceTree = "<group>";
		};
/* End PBXGroup section */

/* Begin PBXNativeTarget section */
		A38061D42CD291E3009387FB /* MindArt */ = {
			isa = PBXNativeTarget;
			buildConfigurationList = A38061F92CD291E5009387FB /* Build configuration list for PBXNativeTarget "MindArt" */;
			buildPhases = (
				A38061D12CD291E3009387FB /* Sources */,
				A38061D22CD291E3009387FB /* Frameworks */,
				A38061D32CD291E3009387FB /* Resources */,
				A311B2742DEB062100D85821 /* Embed Frameworks */,
			);
			buildRules = (
			);
			dependencies = (
			);
			fileSystemSynchronizedGroups = (
				A38061D72CD291E3009387FB /* MindArt */,
			);
			name = MindArt;
			packageProductDependencies = (
				A3C423BA2DEAF3A40025BB27 /* Lottie */,
				A3C423BF2DEAF53E0025BB27 /* AppMetricaAdSupport */,
				A3C423C12DEAF53E0025BB27 /* AppMetricaCore */,
				A3C423C32DEAF53E0025BB27 /* AppMetricaCrashes */,
				A3C423C52DEAF53E0025BB27 /* AppMetricaLibraryAdapter */,
				A3C423C72DEAF53E0025BB27 /* AppMetricaScreenshot */,
				A3C423C92DEAF53E0025BB27 /* AppMetricaWebKit */,
			);
			productName = MindArt;
			productReference = A38061D52CD291E3009387FB /* MindArt.app */;
			productType = "com.apple.product-type.application";
		};
		A38061E42CD291E5009387FB /* MindArtTests */ = {
			isa = PBXNativeTarget;
			buildConfigurationList = A38061FC2CD291E5009387FB /* Build configuration list for PBXNativeTarget "MindArtTests" */;
			buildPhases = (
				A38061E12CD291E5009387FB /* Sources */,
				A38061E22CD291E5009387FB /* Frameworks */,
				A38061E32CD291E5009387FB /* Resources */,
			);
			buildRules = (
			);
			dependencies = (
				A38061E72CD291E5009387FB /* PBXTargetDependency */,
			);
			fileSystemSynchronizedGroups = (
				A38061E82CD291E5009387FB /* MindArtTests */,
			);
			name = MindArtTests;
			packageProductDependencies = (
			);
			productName = MindArtTests;
			productReference = A38061E52CD291E5009387FB /* MindArtTests.xctest */;
			productType = "com.apple.product-type.bundle.unit-test";
		};
		A38061EE2CD291E5009387FB /* MindArtUITests */ = {
			isa = PBXNativeTarget;
			buildConfigurationList = A38061FF2CD291E5009387FB /* Build configuration list for PBXNativeTarget "MindArtUITests" */;
			buildPhases = (
				A38061EB2CD291E5009387FB /* Sources */,
				A38061EC2CD291E5009387FB /* Frameworks */,
				A38061ED2CD291E5009387FB /* Resources */,
			);
			buildRules = (
			);
			dependencies = (
				A38061F12CD291E5009387FB /* PBXTargetDependency */,
			);
			fileSystemSynchronizedGroups = (
				A38061F22CD291E5009387FB /* MindArtUITests */,
			);
			name = MindArtUITests;
			packageProductDependencies = (
			);
			productName = MindArtUITests;
			productReference = A38061EF2CD291E5009387FB /* MindArtUITests.xctest */;
			productType = "com.apple.product-type.bundle.ui-testing";
		};
/* End PBXNativeTarget section */

/* Begin PBXProject section */
		A38061CD2CD291E3009387FB /* Project object */ = {
			isa = PBXProject;
			attributes = {
				BuildIndependentTargetsInParallel = 1;
				LastSwiftUpdateCheck = 1600;
				LastUpgradeCheck = 1600;
				TargetAttributes = {
					A38061D42CD291E3009387FB = {
						CreatedOnToolsVersion = 16.0;
					};
					A38061E42CD291E5009387FB = {
						CreatedOnToolsVersion = 16.0;
						TestTargetID = A38061D42CD291E3009387FB;
					};
					A38061EE2CD291E5009387FB = {
						CreatedOnToolsVersion = 16.0;
						TestTargetID = A38061D42CD291E3009387FB;
					};
				};
			};
			buildConfigurationList = A38061D02CD291E3009387FB /* Build configuration list for PBXProject "MindArt" */;
			developmentRegion = en;
			hasScannedForEncodings = 0;
			knownRegions = (
				en,
				Base,
				ru,
			);
			mainGroup = A38061CC2CD291E3009387FB;
			minimizedProjectReferenceProxies = 1;
			packageReferences = (
				A3C423B92DEAF3A40025BB27 /* XCRemoteSwiftPackageReference "lottie-ios" */,
				A3C423BE2DEAF53E0025BB27 /* XCRemoteSwiftPackageReference "appmetrica-sdk-ios" */,
			);
			preferredProjectObjectVersion = 77;
			productRefGroup = A38061D62CD291E3009387FB /* Products */;
			projectDirPath = "";
			projectRoot = "";
			targets = (
				A38061D42CD291E3009387FB /* MindArt */,
				A38061E42CD291E5009387FB /* MindArtTests */,
				A38061EE2CD291E5009387FB /* MindArtUITests */,
			);
		};
/* End PBXProject section */

/* Begin PBXResourcesBuildPhase section */
		A38061D32CD291E3009387FB /* Resources */ = {
			isa = PBXResourcesBuildPhase;
			buildActionMask = 2147483647;
			files = (
			);
			runOnlyForDeploymentPostprocessing = 0;
		};
		A38061E32CD291E5009387FB /* Resources */ = {
			isa = PBXResourcesBuildPhase;
			buildActionMask = 2147483647;
			files = (
			);
			runOnlyForDeploymentPostprocessing = 0;
		};
		A38061ED2CD291E5009387FB /* Resources */ = {
			isa = PBXResourcesBuildPhase;
			buildActionMask = 2147483647;
			files = (
			);
			runOnlyForDeploymentPostprocessing = 0;
		};
/* End PBXResourcesBuildPhase section */

/* Begin PBXSourcesBuildPhase section */
		A38061D12CD291E3009387FB /* Sources */ = {
			isa = PBXSourcesBuildPhase;
			buildActionMask = 2147483647;
			files = (
			);
			runOnlyForDeploymentPostprocessing = 0;
		};
		A38061E12CD291E5009387FB /* Sources */ = {
			isa = PBXSourcesBuildPhase;
			buildActionMask = 2147483647;
			files = (
			);
			runOnlyForDeploymentPostprocessing = 0;
		};
		A38061EB2CD291E5009387FB /* Sources */ = {
			isa = PBXSourcesBuildPhase;
			buildActionMask = 2147483647;
			files = (
			);
			runOnlyForDeploymentPostprocessing = 0;
		};
/* End PBXSourcesBuildPhase section */

/* Begin PBXTargetDependency section */
		A38061E72CD291E5009387FB /* PBXTargetDependency */ = {
			isa = PBXTargetDependency;
			target = A38061D42CD291E3009387FB /* MindArt */;
			targetProxy = A38061E62CD291E5009387FB /* PBXContainerItemProxy */;
		};
		A38061F12CD291E5009387FB /* PBXTargetDependency */ = {
			isa = PBXTargetDependency;
			target = A38061D42CD291E3009387FB /* MindArt */;
			targetProxy = A38061F02CD291E5009387FB /* PBXContainerItemProxy */;
		};
/* End PBXTargetDependency section */

/* Begin XCBuildConfiguration section */
		A38061F72CD291E5009387FB /* Debug */ = {
			isa = XCBuildConfiguration;
			buildSettings = {
				ALWAYS_SEARCH_USER_PATHS = NO;
				ASSETCATALOG_COMPILER_GENERATE_SWIFT_ASSET_SYMBOL_EXTENSIONS = YES;
				CLANG_ANALYZER_LOCALIZABILITY_NONLOCALIZED = YES;
				CLANG_ANALYZER_NONNULL = YES;
				CLANG_ANALYZER_NUMBER_OBJECT_CONVERSION = YES_AGGRESSIVE;
				CLANG_CXX_LANGUAGE_STANDARD = "gnu++20";
				CLANG_ENABLE_MODULES = YES;
				CLANG_ENABLE_OBJC_ARC = YES;
				CLANG_ENABLE_OBJC_WEAK = YES;
				CLANG_WARN_BLOCK_CAPTURE_AUTORELEASING = YES;
				CLANG_WARN_BOOL_CONVERSION = YES;
				CLANG_WARN_COMMA = YES;
				CLANG_WARN_CONSTANT_CONVERSION = YES;
				CLANG_WARN_DEPRECATED_OBJC_IMPLEMENTATIONS = YES;
				CLANG_WARN_DIRECT_OBJC_ISA_USAGE = YES_ERROR;
				CLANG_WARN_DOCUMENTATION_COMMENTS = YES;
				CLANG_WARN_EMPTY_BODY = YES;
				CLANG_WARN_ENUM_CONVERSION = YES;
				CLANG_WARN_INFINITE_RECURSION = YES;
				CLANG_WARN_INT_CONVERSION = YES;
				CLANG_WARN_NON_LITERAL_NULL_CONVERSION = YES;
				CLANG_WARN_OBJC_IMPLICIT_RETAIN_SELF = YES;
				CLANG_WARN_OBJC_LITERAL_CONVERSION = YES;
				CLANG_WARN_OBJC_ROOT_CLASS = YES_ERROR;
				CLANG_WARN_QUOTED_INCLUDE_IN_FRAMEWORK_HEADER = YES;
				CLANG_WARN_RANGE_LOOP_ANALYSIS = YES;
				CLANG_WARN_STRICT_PROTOTYPES = YES;
				CLANG_WARN_SUSPICIOUS_MOVE = YES;
				CLANG_WARN_UNGUARDED_AVAILABILITY = YES_AGGRESSIVE;
				CLANG_WARN_UNREACHABLE_CODE = YES;
				CLANG_WARN__DUPLICATE_METHOD_MATCH = YES;
				COPY_PHASE_STRIP = NO;
				DEBUG_INFORMATION_FORMAT = dwarf;
				ENABLE_STRICT_OBJC_MSGSEND = YES;
				ENABLE_TESTABILITY = YES;
				ENABLE_USER_SCRIPT_SANDBOXING = YES;
				GCC_C_LANGUAGE_STANDARD = gnu17;
				GCC_DYNAMIC_NO_PIC = NO;
				GCC_NO_COMMON_BLOCKS = YES;
				GCC_OPTIMIZATION_LEVEL = 0;
				GCC_PREPROCESSOR_DEFINITIONS = (
					"DEBUG=1",
					"$(inherited)",
				);
				GCC_WARN_64_TO_32_BIT_CONVERSION = YES;
				GCC_WARN_ABOUT_RETURN_TYPE = YES_ERROR;
				GCC_WARN_UNDECLARED_SELECTOR = YES;
				GCC_WARN_UNINITIALIZED_AUTOS = YES_AGGRESSIVE;
				GCC_WARN_UNUSED_FUNCTION = YES;
				GCC_WARN_UNUSED_VARIABLE = YES;
				IPHONEOS_DEPLOYMENT_TARGET = 16.6;
				LOCALIZATION_PREFERS_STRING_CATALOGS = YES;
				MTL_ENABLE_DEBUG_INFO = INCLUDE_SOURCE;
				MTL_FAST_MATH = YES;
				ONLY_ACTIVE_ARCH = YES;
				SDKROOT = iphoneos;
				SWIFT_ACTIVE_COMPILATION_CONDITIONS = "DEBUG $(inherited)";
				SWIFT_EMIT_LOC_STRINGS = YES;
				SWIFT_OPTIMIZATION_LEVEL = "-Onone";
			};
			name = Debug;
		};
		A38061F82CD291E5009387FB /* Release */ = {
			isa = XCBuildConfiguration;
			buildSettings = {
				ALWAYS_SEARCH_USER_PATHS = NO;
				ASSETCATALOG_COMPILER_GENERATE_SWIFT_ASSET_SYMBOL_EXTENSIONS = YES;
				CLANG_ANALYZER_LOCALIZABILITY_NONLOCALIZED = YES;
				CLANG_ANALYZER_NONNULL = YES;
				CLANG_ANALYZER_NUMBER_OBJECT_CONVERSION = YES_AGGRESSIVE;
				CLANG_CXX_LANGUAGE_STANDARD = "gnu++20";
				CLANG_ENABLE_MODULES = YES;
				CLANG_ENABLE_OBJC_ARC = YES;
				CLANG_ENABLE_OBJC_WEAK = YES;
				CLANG_WARN_BLOCK_CAPTURE_AUTORELEASING = YES;
				CLANG_WARN_BOOL_CONVERSION = YES;
				CLANG_WARN_COMMA = YES;
				CLANG_WARN_CONSTANT_CONVERSION = YES;
				CLANG_WARN_DEPRECATED_OBJC_IMPLEMENTATIONS = YES;
				CLANG_WARN_DIRECT_OBJC_ISA_USAGE = YES_ERROR;
				CLANG_WARN_DOCUMENTATION_COMMENTS = YES;
				CLANG_WARN_EMPTY_BODY = YES;
				CLANG_WARN_ENUM_CONVERSION = YES;
				CLANG_WARN_INFINITE_RECURSION = YES;
				CLANG_WARN_INT_CONVERSION = YES;
				CLANG_WARN_NON_LITERAL_NULL_CONVERSION = YES;
				CLANG_WARN_OBJC_IMPLICIT_RETAIN_SELF = YES;
				CLANG_WARN_OBJC_LITERAL_CONVERSION = YES;
				CLANG_WARN_OBJC_ROOT_CLASS = YES_ERROR;
				CLANG_WARN_QUOTED_INCLUDE_IN_FRAMEWORK_HEADER = YES;
				CLANG_WARN_RANGE_LOOP_ANALYSIS = YES;
				CLANG_WARN_STRICT_PROTOTYPES = YES;
				CLANG_WARN_SUSPICIOUS_MOVE = YES;
				CLANG_WARN_UNGUARDED_AVAILABILITY = YES_AGGRESSIVE;
				CLANG_WARN_UNREACHABLE_CODE = YES;
				CLANG_WARN__DUPLICATE_METHOD_MATCH = YES;
				COPY_PHASE_STRIP = NO;
				DEBUG_INFORMATION_FORMAT = "dwarf-with-dsym";
				ENABLE_NS_ASSERTIONS = NO;
				ENABLE_STRICT_OBJC_MSGSEND = YES;
				ENABLE_USER_SCRIPT_SANDBOXING = YES;
				GCC_C_LANGUAGE_STANDARD = gnu17;
				GCC_NO_COMMON_BLOCKS = YES;
				GCC_WARN_64_TO_32_BIT_CONVERSION = YES;
				GCC_WARN_ABOUT_RETURN_TYPE = YES_ERROR;
				GCC_WARN_UNDECLARED_SELECTOR = YES;
				GCC_WARN_UNINITIALIZED_AUTOS = YES_AGGRESSIVE;
				GCC_WARN_UNUSED_FUNCTION = YES;
				GCC_WARN_UNUSED_VARIABLE = YES;
				IPHONEOS_DEPLOYMENT_TARGET = 16.6;
				LOCALIZATION_PREFERS_STRING_CATALOGS = YES;
				MTL_ENABLE_DEBUG_INFO = NO;
				MTL_FAST_MATH = YES;
				SDKROOT = iphoneos;
				SWIFT_COMPILATION_MODE = wholemodule;
				SWIFT_EMIT_LOC_STRINGS = YES;
				VALIDATE_PRODUCT = YES;
			};
			name = Release;
		};
		A38061FA2CD291E5009387FB /* Debug */ = {
			isa = XCBuildConfiguration;
			buildSettings = {
				ASSETCATALOG_COMPILER_APPICON_NAME = AppIcon;
				ASSETCATALOG_COMPILER_GLOBAL_ACCENT_COLOR_NAME = AccentColor;
				CODE_SIGN_STYLE = Automatic;
				CURRENT_PROJECT_VERSION = 1;
				DEVELOPMENT_ASSET_PATHS = "\"MindArt/Resources/Preview Content\"";
				DEVELOPMENT_TEAM = 848LVZR9JB;
				ENABLE_PREVIEWS = YES;
				GENERATE_INFOPLIST_FILE = YES;
				INFOPLIST_FILE = MindArt/Info.plist;
				INFOPLIST_KEY_CFBundleDisplayName = "Mind Art";
				INFOPLIST_KEY_LSApplicationCategoryType = "public.app-category.graphics-design";
				INFOPLIST_KEY_NSPhotoLibraryAddUsageDescription = "";
				INFOPLIST_KEY_UIApplicationSceneManifest_Generation = YES;
				INFOPLIST_KEY_UIApplicationSupportsIndirectInputEvents = YES;
				INFOPLIST_KEY_UILaunchScreen_Generation = YES;
				INFOPLIST_KEY_UISupportedInterfaceOrientations = UIInterfaceOrientationPortrait;
				INFOPLIST_KEY_UISupportedInterfaceOrientations_iPad = "UIInterfaceOrientationLandscapeLeft UIInterfaceOrientationLandscapeRight UIInterfaceOrientationPortrait UIInterfaceOrientationPortraitUpsideDown";
				LD_RUNPATH_SEARCH_PATHS = (
					"$(inherited)",
					"@executable_path/Frameworks",
				);
				MARKETING_VERSION = 1.0.1;
				PRODUCT_BUNDLE_IDENTIFIER = "Elena-Stepkina.MindArt";
				PRODUCT_NAME = "$(TARGET_NAME)";
				SUPPORTED_PLATFORMS = "iphoneos iphonesimulator";
				SUPPORTS_MACCATALYST = NO;
				SUPPORTS_MAC_DESIGNED_FOR_IPHONE_IPAD = NO;
				SUPPORTS_XR_DESIGNED_FOR_IPHONE_IPAD = NO;
				SWIFT_EMIT_LOC_STRINGS = YES;
				SWIFT_VERSION = 5.0;
				TARGETED_DEVICE_FAMILY = 1;
			};
			name = Debug;
		};
		A38061FB2CD291E5009387FB /* Release */ = {
			isa = XCBuildConfiguration;
			buildSettings = {
				ASSETCATALOG_COMPILER_APPICON_NAME = AppIcon;
				ASSETCATALOG_COMPILER_GLOBAL_ACCENT_COLOR_NAME = AccentColor;
				CODE_SIGN_STYLE = Automatic;
				CURRENT_PROJECT_VERSION = 1;
				DEVELOPMENT_ASSET_PATHS = "\"MindArt/Resources/Preview Content\"";
				DEVELOPMENT_TEAM = 848LVZR9JB;
				ENABLE_PREVIEWS = YES;
				GENERATE_INFOPLIST_FILE = YES;
				INFOPLIST_FILE = MindArt/Info.plist;
				INFOPLIST_KEY_CFBundleDisplayName = "Mind Art";
				INFOPLIST_KEY_LSApplicationCategoryType = "public.app-category.graphics-design";
				INFOPLIST_KEY_NSPhotoLibraryAddUsageDescription = "";
				INFOPLIST_KEY_UIApplicationSceneManifest_Generation = YES;
				INFOPLIST_KEY_UIApplicationSupportsIndirectInputEvents = YES;
				INFOPLIST_KEY_UILaunchScreen_Generation = YES;
				INFOPLIST_KEY_UISupportedInterfaceOrientations = UIInterfaceOrientationPortrait;
				INFOPLIST_KEY_UISupportedInterfaceOrientations_iPad = "UIInterfaceOrientationLandscapeLeft UIInterfaceOrientationLandscapeRight UIInterfaceOrientationPortrait UIInterfaceOrientationPortraitUpsideDown";
				LD_RUNPATH_SEARCH_PATHS = (
					"$(inherited)",
					"@executable_path/Frameworks",
				);
				MARKETING_VERSION = 1.0.1;
				PRODUCT_BUNDLE_IDENTIFIER = "Elena-Stepkina.MindArt";
				PRODUCT_NAME = "$(TARGET_NAME)";
				SUPPORTED_PLATFORMS = "iphoneos iphonesimulator";
				SUPPORTS_MACCATALYST = NO;
				SUPPORTS_MAC_DESIGNED_FOR_IPHONE_IPAD = NO;
				SUPPORTS_XR_DESIGNED_FOR_IPHONE_IPAD = NO;
				SWIFT_EMIT_LOC_STRINGS = YES;
				SWIFT_VERSION = 5.0;
				TARGETED_DEVICE_FAMILY = 1;
			};
			name = Release;
		};
		A38061FD2CD291E5009387FB /* Debug */ = {
			isa = XCBuildConfiguration;
			buildSettings = {
				BUNDLE_LOADER = "$(TEST_HOST)";
				CODE_SIGN_STYLE = Automatic;
				CURRENT_PROJECT_VERSION = 1;
				DEVELOPMENT_TEAM = 848LVZR9JB;
				GENERATE_INFOPLIST_FILE = YES;
				IPHONEOS_DEPLOYMENT_TARGET = 18.0;
				MARKETING_VERSION = 1.0;
				PRODUCT_BUNDLE_IDENTIFIER = "Elena-Stepkina.MindArtTests";
				PRODUCT_NAME = "$(TARGET_NAME)";
				SWIFT_EMIT_LOC_STRINGS = NO;
				SWIFT_VERSION = 5.0;
				TARGETED_DEVICE_FAMILY = "1,2";
				TEST_HOST = "$(BUILT_PRODUCTS_DIR)/MindArt.app/$(BUNDLE_EXECUTABLE_FOLDER_PATH)/MindArt";
			};
			name = Debug;
		};
		A38061FE2CD291E5009387FB /* Release */ = {
			isa = XCBuildConfiguration;
			buildSettings = {
				BUNDLE_LOADER = "$(TEST_HOST)";
				CODE_SIGN_STYLE = Automatic;
				CURRENT_PROJECT_VERSION = 1;
				DEVELOPMENT_TEAM = 848LVZR9JB;
				GENERATE_INFOPLIST_FILE = YES;
				IPHONEOS_DEPLOYMENT_TARGET = 18.0;
				MARKETING_VERSION = 1.0;
				PRODUCT_BUNDLE_IDENTIFIER = "Elena-Stepkina.MindArtTests";
				PRODUCT_NAME = "$(TARGET_NAME)";
				SWIFT_EMIT_LOC_STRINGS = NO;
				SWIFT_VERSION = 5.0;
				TARGETED_DEVICE_FAMILY = "1,2";
				TEST_HOST = "$(BUILT_PRODUCTS_DIR)/MindArt.app/$(BUNDLE_EXECUTABLE_FOLDER_PATH)/MindArt";
			};
			name = Release;
		};
		A38062002CD291E5009387FB /* Debug */ = {
			isa = XCBuildConfiguration;
			buildSettings = {
				CODE_SIGN_STYLE = Automatic;
				CURRENT_PROJECT_VERSION = 1;
				DEVELOPMENT_TEAM = 848LVZR9JB;
				GENERATE_INFOPLIST_FILE = YES;
				MARKETING_VERSION = 1.0;
				PRODUCT_BUNDLE_IDENTIFIER = "Elena-Stepkina.MindArtUITests";
				PRODUCT_NAME = "$(TARGET_NAME)";
				SWIFT_EMIT_LOC_STRINGS = NO;
				SWIFT_VERSION = 5.0;
				TARGETED_DEVICE_FAMILY = "1,2";
				TEST_TARGET_NAME = MindArt;
			};
			name = Debug;
		};
		A38062012CD291E5009387FB /* Release */ = {
			isa = XCBuildConfiguration;
			buildSettings = {
				CODE_SIGN_STYLE = Automatic;
				CURRENT_PROJECT_VERSION = 1;
				DEVELOPMENT_TEAM = 848LVZR9JB;
				GENERATE_INFOPLIST_FILE = YES;
				MARKETING_VERSION = 1.0;
				PRODUCT_BUNDLE_IDENTIFIER = "Elena-Stepkina.MindArtUITests";
				PRODUCT_NAME = "$(TARGET_NAME)";
				SWIFT_EMIT_LOC_STRINGS = NO;
				SWIFT_VERSION = 5.0;
				TARGETED_DEVICE_FAMILY = "1,2";
				TEST_TARGET_NAME = MindArt;
			};
			name = Release;
		};
/* End XCBuildConfiguration section */

/* Begin XCConfigurationList section */
		A38061D02CD291E3009387FB /* Build configuration list for PBXProject "MindArt" */ = {
			isa = XCConfigurationList;
			buildConfigurations = (
				A38061F72CD291E5009387FB /* Debug */,
				A38061F82CD291E5009387FB /* Release */,
			);
			defaultConfigurationIsVisible = 0;
			defaultConfigurationName = Release;
		};
		A38061F92CD291E5009387FB /* Build configuration list for PBXNativeTarget "MindArt" */ = {
			isa = XCConfigurationList;
			buildConfigurations = (
				A38061FA2CD291E5009387FB /* Debug */,
				A38061FB2CD291E5009387FB /* Release */,
			);
			defaultConfigurationIsVisible = 0;
			defaultConfigurationName = Release;
		};
		A38061FC2CD291E5009387FB /* Build configuration list for PBXNativeTarget "MindArtTests" */ = {
			isa = XCConfigurationList;
			buildConfigurations = (
				A38061FD2CD291E5009387FB /* Debug */,
				A38061FE2CD291E5009387FB /* Release */,
			);
			defaultConfigurationIsVisible = 0;
			defaultConfigurationName = Release;
		};
		A38061FF2CD291E5009387FB /* Build configuration list for PBXNativeTarget "MindArtUITests" */ = {
			isa = XCConfigurationList;
			buildConfigurations = (
				A38062002CD291E5009387FB /* Debug */,
				A38062012CD291E5009387FB /* Release */,
			);
			defaultConfigurationIsVisible = 0;
			defaultConfigurationName = Release;
		};
/* End XCConfigurationList section */

/* Begin XCRemoteSwiftPackageReference section */
		A3C423B92DEAF3A40025BB27 /* XCRemoteSwiftPackageReference "lottie-ios" */ = {
			isa = XCRemoteSwiftPackageReference;
			repositoryURL = "git@github.com:airbnb/lottie-ios.git";
			requirement = {
				kind = upToNextMajorVersion;
				minimumVersion = 4.5.2;
			};
		};
		A3C423BE2DEAF53E0025BB27 /* XCRemoteSwiftPackageReference "appmetrica-sdk-ios" */ = {
			isa = XCRemoteSwiftPackageReference;
			repositoryURL = "git@github.com:appmetrica/appmetrica-sdk-ios.git";
			requirement = {
				kind = upToNextMajorVersion;
				minimumVersion = 5.11.0;
			};
		};
/* End XCRemoteSwiftPackageReference section */

/* Begin XCSwiftPackageProductDependency section */
		A3C423BA2DEAF3A40025BB27 /* Lottie */ = {
			isa = XCSwiftPackageProductDependency;
			package = A3C423B92DEAF3A40025BB27 /* XCRemoteSwiftPackageReference "lottie-ios" */;
			productName = Lottie;
		};
		A3C423BF2DEAF53E0025BB27 /* AppMetricaAdSupport */ = {
			isa = XCSwiftPackageProductDependency;
			package = A3C423BE2DEAF53E0025BB27 /* XCRemoteSwiftPackageReference "appmetrica-sdk-ios" */;
			productName = AppMetricaAdSupport;
		};
		A3C423C12DEAF53E0025BB27 /* AppMetricaCore */ = {
			isa = XCSwiftPackageProductDependency;
			package = A3C423BE2DEAF53E0025BB27 /* XCRemoteSwiftPackageReference "appmetrica-sdk-ios" */;
			productName = AppMetricaCore;
		};
		A3C423C32DEAF53E0025BB27 /* AppMetricaCrashes */ = {
			isa = XCSwiftPackageProductDependency;
			package = A3C423BE2DEAF53E0025BB27 /* XCRemoteSwiftPackageReference "appmetrica-sdk-ios" */;
			productName = AppMetricaCrashes;
		};
		A3C423C52DEAF53E0025BB27 /* AppMetricaLibraryAdapter */ = {
			isa = XCSwiftPackageProductDependency;
			package = A3C423BE2DEAF53E0025BB27 /* XCRemoteSwiftPackageReference "appmetrica-sdk-ios" */;
			productName = AppMetricaLibraryAdapter;
		};
		A3C423C72DEAF53E0025BB27 /* AppMetricaScreenshot */ = {
			isa = XCSwiftPackageProductDependency;
			package = A3C423BE2DEAF53E0025BB27 /* XCRemoteSwiftPackageReference "appmetrica-sdk-ios" */;
			productName = AppMetricaScreenshot;
		};
		A3C423C92DEAF53E0025BB27 /* AppMetricaWebKit */ = {
			isa = XCSwiftPackageProductDependency;
			package = A3C423BE2DEAF53E0025BB27 /* XCRemoteSwiftPackageReference "appmetrica-sdk-ios" */;
			productName = AppMetricaWebKit;
		};
/* End XCSwiftPackageProductDependency section */
	};
	rootObject = A38061CD2CD291E3009387FB /* Project object */;
}
